
Microsoft Visual Studio Solution File, Format Version 12.00
# Visual Studio Version 16
VisualStudioVersion = 16.0.30621.155
MinimumVisualStudioVersion = 10.0.40219.1
Project("{FAE04EC0-301F-11D3-BF4B-00C04F79EFBC}") = "Week_1_Challenges", "Week_1_Challenges\Week_1_Challenges.csproj", "{AA0B1BFA-8508-402D-BF2E-C32C1BCC8A5A}"
EndProject
Global
	GlobalSection(SolutionConfigurationPlatforms) = preSolution
		Debug|Any CPU = Debug|Any CPU
		Release|Any CPU = Release|Any CPU
	EndGlobalSection
	GlobalSection(ProjectConfigurationPlatforms) = postSolution
		{AA0B1BFA-8508-402D-BF2E-C32C1BCC8A5A}.Debug|Any CPU.ActiveCfg = Debug|Any CPU
		{AA0B1BFA-8508-402D-BF2E-C32C1BCC8A5A}.Debug|Any CPU.Build.0 = Debug|Any CPU
		{AA0B1BFA-8508-402D-BF2E-C32C1BCC8A5A}.Release|Any CPU.ActiveCfg = Release|Any CPU
		{AA0B1BFA-8508-402D-BF2E-C32C1BCC8A5A}.Release|Any CPU.Build.0 = Release|Any CPU
	EndGlobalSection
	GlobalSection(SolutionProperties) = preSolution
		HideSolutionNode = FALSE
	EndGlobalSection
	GlobalSection(ExtensibilityGlobals) = postSolution
		SolutionGuid = {D6C79A88-BFBB-43D8-B474-73E712D1B036}
	EndGlobalSection
EndGlobal
